
Microsoft Visual Studio Solution File, Format Version 12.00
# Visual Studio Version 17
VisualStudioVersion = 17.14.36414.22 d17.14
MinimumVisualStudioVersion = 10.0.40219.1
Project("{FAE04EC0-301F-11D3-BF4B-00C04F79EFBC}") = "Hospital", "Hospital.csproj", "{E4474D3B-3035-48D4-98B6-42E993EDB0C9}"
EndProject
Global
	GlobalSection(SolutionConfigurationPlatforms) = preSolution
		Debug|Any CPU = Debug|Any CPU
		Release|Any CPU = Release|Any CPU
	EndGlobalSection
	GlobalSection(ProjectConfigurationPlatforms) = postSolution
		{E4474D3B-3035-48D4-98B6-42E993EDB0C9}.Debug|Any CPU.ActiveCfg = Debug|Any CPU
		{E4474D3B-3035-48D4-98B6-42E993EDB0C9}.Debug|Any CPU.Build.0 = Debug|Any CPU
		{E4474D3B-3035-48D4-98B6-42E993EDB0C9}.Release|Any CPU.ActiveCfg = Release|Any CPU
		{E4474D3B-3035-48D4-98B6-42E993EDB0C9}.Release|Any CPU.Build.0 = Release|Any CPU
	EndGlobalSection
	GlobalSection(SolutionProperties) = preSolution
		HideSolutionNode = FALSE
	EndGlobalSection
	GlobalSection(ExtensibilityGlobals) = postSolution
		SolutionGuid = {852ECFA8-7ED7-4A32-B2A7-CE40D636CA6B}
	EndGlobalSection
EndGlobal
